<?xml version="1.0" encoding="utf-8"?>
<Project ToolsVersion="4.0" xmlns="http://schemas.microsoft.com/developer/msbuild/2003">
  <ItemGroup>
    <Filter Include="源文件">
      <UniqueIdentifier>{4FC737F1-C7A5-4376-A066-2A32D752A2FF}</UniqueIdentifier>
      <Extensions>cpp;c;cc;cxx;def;odl;idl;hpj;bat;asm;asmx</Extensions>
    </Filter>
    <Filter Include="头文件">
      <UniqueIdentifier>{93995380-89BD-4b04-88EB-625FBE52EBFB}</UniqueIdentifier>
      <Extensions>h;hh;hpp;hxx;hm;inl;inc;xsd</Extensions>
    </Filter>
    <Filter Include="资源文件">
      <UniqueIdentifier>{67DA6AB6-F800-4c08-8B7A-83BB121AAD01}</UniqueIdentifier>
      <Extensions>rc;ico;cur;bmp;dlg;rc2;rct;bin;rgs;gif;jpg;jpeg;jpe;resx;tiff;tif;png;wav;mfcribbon-ms</Extensions>
    </Filter>
  </ItemGroup>
  <ItemGroup>
    <Text Include="ReadMe.txt" />
    <Text Include="Text.txt" />
  </ItemGroup>
  <ItemGroup>
    <ClInclude Include="stdafx.h">
      <Filter>头文件</Filter>
    </ClInclude>
    <ClInclude Include="targetver.h">
      <Filter>头文件</Filter>
    </ClInclude>
    <ClInclude Include="Resource.h">
      <Filter>头文件</Filter>
    </ClInclude>
    <ClInclude Include="DesktopLiveStreaming.h">
      <Filter>头文件</Filter>
    </ClInclude>
    <ClInclude Include="amf.h">
      <Filter>头文件</Filter>
    </ClInclude>
    <ClInclude Include="AppContext.h">
      <Filter>头文件</Filter>
    </ClInclude>
    <ClInclude Include="bytes.h">
      <Filter>头文件</Filter>
    </ClInclude>
    <ClInclude Include="CommonFun.h">
      <Filter>头文件</Filter>
    </ClInclude>
    <ClInclude Include="CommonTypes.h">
      <Filter>头文件</Filter>
    </ClInclude>
    <ClInclude Include="D3D11System.h">
      <Filter>头文件</Filter>
    </ClInclude>
    <ClInclude Include="DXGIDesktopOutputSystem.h">
      <Filter>头文件</Filter>
    </ClInclude>
    <ClInclude Include="FLVhelp.h">
      <Filter>头文件</Filter>
    </ClInclude>
    <ClInclude Include="H264_Encoder.h">
      <Filter>头文件</Filter>
    </ClInclude>
    <ClInclude Include="http_parser.h">
      <Filter>头文件</Filter>
    </ClInclude>
    <ClInclude Include="PixelShader.h">
      <Filter>头文件</Filter>
    </ClInclude>
    <ClInclude Include="RingCacheBuffer.h">
      <Filter>头文件</Filter>
    </ClInclude>
    <ClInclude Include="VertexShader.h">
      <Filter>头文件</Filter>
    </ClInclude>
    <ClInclude Include="DesktopImageSource.h">
      <Filter>头文件</Filter>
    </ClInclude>
    <ClInclude Include="BGRAFrameMemoryNode.h">
      <Filter>头文件</Filter>
    </ClInclude>
    <ClInclude Include="DebugExecutionTime.h">
      <Filter>头文件</Filter>
    </ClInclude>
    <ClInclude Include="AudioSoureAACStream.h">
      <Filter>头文件</Filter>
    </ClInclude>
    <ClInclude Include="LoopbackAudioSource.h">
      <Filter>头文件</Filter>
    </ClInclude>
    <ClInclude Include="IOCPServer.h">
      <Filter>头文件</Filter>
    </ClInclude>
    <ClInclude Include="Connection.h">
      <Filter>头文件</Filter>
    </ClInclude>
    <ClInclude Include="ResponseHeaderText.h">
      <Filter>头文件</Filter>
    </ClInclude>
    <ClInclude Include="FlvLiveStream.h">
      <Filter>头文件</Filter>
    </ClInclude>
    <ClInclude Include="HLS_Server.h">
      <Filter>头文件</Filter>
    </ClInclude>
    <ClInclude Include="mpegts.h">
      <Filter>头文件</Filter>
    </ClInclude>
    <ClInclude Include="atomic_lock.h">
      <Filter>头文件</Filter>
    </ClInclude>
    <ClInclude Include="uthash.h">
      <Filter>头文件</Filter>
    </ClInclude>
  </ItemGroup>
  <ItemGroup>
    <ClCompile Include="stdafx.cpp">
      <Filter>源文件</Filter>
    </ClCompile>
    <ClCompile Include="DesktopLiveStreaming.cpp">
      <Filter>源文件</Filter>
    </ClCompile>
    <ClCompile Include="amf.c">
      <Filter>源文件</Filter>
    </ClCompile>
    <ClCompile Include="http_parser.c">
      <Filter>源文件</Filter>
    </ClCompile>
    <ClCompile Include="AppContext.cpp">
      <Filter>源文件</Filter>
    </ClCompile>
    <ClCompile Include="CommonFun.cpp">
      <Filter>源文件</Filter>
    </ClCompile>
    <ClCompile Include="D3D11System.cpp">
      <Filter>源文件</Filter>
    </ClCompile>
    <ClCompile Include="DXGIDesktopOutputSystem.cpp">
      <Filter>源文件</Filter>
    </ClCompile>
    <ClCompile Include="FLVhelp.cpp">
      <Filter>源文件</Filter>
    </ClCompile>
    <ClCompile Include="H264_Encoder.cpp">
      <Filter>源文件</Filter>
    </ClCompile>
    <ClCompile Include="RingCacheBuffer.cpp">
      <Filter>源文件</Filter>
    </ClCompile>
    <ClCompile Include="DesktopImageSource.cpp">
      <Filter>源文件</Filter>
    </ClCompile>
    <ClCompile Include="AudioSoureAACStream.cpp">
      <Filter>源文件</Filter>
    </ClCompile>
    <ClCompile Include="LoopbackAudioSource.cpp">
      <Filter>源文件</Filter>
    </ClCompile>
    <ClCompile Include="IOCPServer.cpp">
      <Filter>源文件</Filter>
    </ClCompile>
    <ClCompile Include="Connection.cpp">
      <Filter>源文件</Filter>
    </ClCompile>
    <ClCompile Include="HttpStaticResources.cpp">
      <Filter>源文件</Filter>
    </ClCompile>
    <ClCompile Include="FlvLiveStream.cpp">
      <Filter>源文件</Filter>
    </ClCompile>
    <ClCompile Include="HLS_Server.cpp">
      <Filter>源文件</Filter>
    </ClCompile>
    <ClCompile Include="mpegts.c">
      <Filter>源文件</Filter>
    </ClCompile>
    <ClCompile Include="atomic_lock.c">
      <Filter>源文件</Filter>
    </ClCompile>
  </ItemGroup>
  <ItemGroup>
    <ResourceCompile Include="DesktopLiveStreaming.rc">
      <Filter>资源文件</Filter>
    </ResourceCompile>
  </ItemGroup>
  <ItemGroup>
    <Image Include="small.ico">
      <Filter>资源文件</Filter>
    </Image>
    <Image Include="DesktopLiveStreaming.ico">
      <Filter>资源文件</Filter>
    </Image>
  </ItemGroup>
  <ItemGroup>
    <FxCompile Include="VertexShader.hlsl" />
    <FxCompile Include="PixelShader.hlsl" />
  </ItemGroup>
  <ItemGroup>
    <None Include="web_static\error.html" />
    <None Include="web_static\flv_html5.html" />
    <None Include="web_static\hls_html5.html" />
    <None Include="web_static\httpflv.html" />
    <None Include="web_static\index.html" />
  </ItemGroup>
</Project>